// !$*UTF8*$!
{
	archiveVersion = 1;
	classes = {
	};
	objectVersion = 46;
	objects = {

/* Begin PBXBuildFile section */
		A858E2571C479E4400E4F3F7 /* main.m in Sources */ = {isa = PBXBuildFile; fileRef = A858E2561C479E4400E4F3F7 /* main.m */; };
		A858E25A1C479E4400E4F3F7 /* AppDelegate.m in Sources */ = {isa = PBXBuildFile; fileRef = A858E2591C479E4400E4F3F7 /* AppDelegate.m */; };
		A858E25D1C479E4400E4F3F7 /* ViewController.m in Sources */ = {isa = PBXBuildFile; fileRef = A858E25C1C479E4400E4F3F7 /* ViewController.m */; };
		A858E2601C479E4400E4F3F7 /* Main.storyboard in Resources */ = {isa = PBXBuildFile; fileRef = A858E25E1C479E4400E4F3F7 /* Main.storyboard */; };
		A858E2621C479E4400E4F3F7 /* Assets.xcassets in Resources */ = {isa = PBXBuildFile; fileRef = A858E2611C479E4400E4F3F7 /* Assets.xcassets */; };
		A858E2651C479E4400E4F3F7 /* LaunchScreen.storyboard in Resources */ = {isa = PBXBuildFile; fileRef = A858E2631C479E4400E4F3F7 /* LaunchScreen.storyboard */; };
		A858E26F1C479E8600E4F3F7 /* LLDataTool.m in Sources */ = {isa = PBXBuildFile; fileRef = A858E26E1C479E8600E4F3F7 /* LLDataTool.m */; };
/* End PBXBuildFile section */

/* Begin PBXFileReference section */
		A858E2521C479E4400E4F3F7 /* Singleton(MRC).app */ = {isa = PBXFileReference; explicitFileType = wrapper.application; includeInIndex = 0; path = "Singleton(MRC).app"; sourceTree = BUILT_PRODUCTS_DIR; };
		A858E2561C479E4400E4F3F7 /* main.m */ = {isa = PBXFileReference; lastKnownFileType = sourcecode.c.objc; path = main.m; sourceTree = "<group>"; };
		A858E2581C479E4400E4F3F7 /* AppDelegate.h */ = {isa = PBXFileReference; lastKnownFileType = sourcecode.c.h; path = AppDelegate.h; sourceTree = "<group>"; };
		A858E2591C479E4400E4F3F7 /* AppDelegate.m */ = {isa = PBXFileReference; lastKnownFileType = sourcecode.c.objc; path = AppDelegate.m; sourceTree = "<group>"; };
		A858E25B1C479E4400E4F3F7 /* ViewController.h */ = {isa = PBXFileReference; lastKnownFileType = sourcecode.c.h; path = ViewController.h; sourceTree = "<group>"; };
		A858E25C1C479E4400E4F3F7 /* ViewController.m */ = {isa = PBXFileReference; lastKnownFileType = sourcecode.c.objc; path = ViewController.m; sourceTree = "<group>"; };
		A858E25F1C479E4400E4F3F7 /* Base */ = {isa = PBXFileReference; lastKnownFileType = file.storyboard; name = Base; path = Base.lproj/Main.storyboard; sourceTree = "<group>"; };
		A858E2611C479E4400E4F3F7 /* Assets.xcassets */ = {isa = PBXFileReference; lastKnownFileType = folder.assetcatalog; path = Assets.xcassets; sourceTree = "<group>"; };
		A858E2641C479E4400E4F3F7 /* Base */ = {isa = PBXFileReference; lastKnownFileType = file.storyboard; name = Base; path = Base.lproj/LaunchScreen.storyboard; sourceTree = "<group>"; };
		A858E2661C479E4400E4F3F7 /* Info.plist */ = {isa = PBXFileReference; lastKnownFileType = text.plist.xml; path = Info.plist; sourceTree = "<group>"; };
		A858E26D1C479E8600E4F3F7 /* LLDataTool.h */ = {isa = PBXFileReference; fileEncoding = 4; lastKnownFileType = sourcecode.c.h; path = LLDataTool.h; sourceTree = "<group>"; };
		A858E26E1C479E8600E4F3F7 /* LLDataTool.m */ = {isa = PBXFileReference; fileEncoding = 4; lastKnownFileType = sourcecode.c.objc; path = LLDataTool.m; sourceTree = "<group>"; };
/* End PBXFileReference section */

/* Begin PBXFrameworksBuildPhase section */
		A858E24F1C479E4400E4F3F7 /* Frameworks */ = {
			isa = PBXFrameworksBuildPhase;
			buildActionMask = 2147483647;
			files = (
			);
			runOnlyForDeploymentPostprocessing = 0;
		};
/* End PBXFrameworksBuildPhase section */

/* Begin PBXGroup section */
		A858E2491C479E4400E4F3F7 = {
			isa = PBXGroup;
			children = (
				A858E2541C479E4400E4F3F7 /* Singleton(MRC) */,
				A858E2531C479E4400E4F3F7 /* Products */,
			);
			sourceTree = "<group>";
		};
		A858E2531C479E4400E4F3F7 /* Products */ = {
			isa = PBXGroup;
			children = (
				A858E2521C479E4400E4F3F7 /* Singleton(MRC).app */,
			);
			name = Products;
			sourceTree = "<group>";
		};
		A858E2541C479E4400E4F3F7 /* Singleton(MRC) */ = {
			isa = PBXGroup;
			children = (
				A858E26C1C479E8600E4F3F7 /* SingleTonTool */,
				A858E2581C479E4400E4F3F7 /* AppDelegate.h */,
				A858E2591C479E4400E4F3F7 /* AppDelegate.m */,
				A858E25B1C479E4400E4F3F7 /* ViewController.h */,
				A858E25C1C479E4400E4F3F7 /* ViewController.m */,
				A858E25E1C479E4400E4F3F7 /* Main.storyboard */,
				A858E2611C479E4400E4F3F7 /* Assets.xcassets */,
				A858E2631C479E4400E4F3F7 /* LaunchScreen.storyboard */,
				A858E2661C479E4400E4F3F7 /* Info.plist */,
				A858E2551C479E4400E4F3F7 /* Supporting Files */,
			);
			path = "Singleton(MRC)";
			sourceTree = "<group>";
		};
		A858E2551C479E4400E4F3F7 /* Supporting Files */ = {
			isa = PBXGroup;
			children = (
				A858E2561C479E4400E4F3F7 /* main.m */,
			);
			name = "Supporting Files";
			sourceTree = "<group>";
		};
		A858E26C1C479E8600E4F3F7 /* SingleTonTool */ = {
			isa = PBXGroup;
			children = (
				A858E26D1C479E8600E4F3F7 /* LLDataTool.h */,
				A858E26E1C479E8600E4F3F7 /* LLDataTool.m */,
			);
			path = SingleTonTool;
			sourceTree = "<group>";
		};
/* End PBXGroup section */

/* Begin PBXNativeTarget section */
		A858E2511C479E4400E4F3F7 /* Singleton(MRC) */ = {
			isa = PBXNativeTarget;
			buildConfigurationList = A858E2691C479E4400E4F3F7 /* Build configuration list for PBXNativeTarget "Singleton(MRC)" */;
			buildPhases = (
				A858E24E1C479E4400E4F3F7 /* Sources */,
				A858E24F1C479E4400E4F3F7 /* Frameworks */,
				A858E2501C479E4400E4F3F7 /* Resources */,
			);
			buildRules = (
			);
			dependencies = (
			);
			name = "Singleton(MRC)";
			productName = "Singleton(MRC)";
			productReference = A858E2521C479E4400E4F3F7 /* Singleton(MRC).app */;
			productType = "com.apple.product-type.application";
		};
/* End PBXNativeTarget section */

/* Begin PBXProject section */
		A858E24A1C479E4400E4F3F7 /* Project object */ = {
			isa = PBXProject;
			attributes = {
				LastUpgradeCheck = 0720;
				ORGANIZATIONNAME = Upriver;
				TargetAttributes = {
					A858E2511C479E4400E4F3F7 = {
						CreatedOnToolsVersion = 7.2;
					};
				};
			};
			buildConfigurationList = A858E24D1C479E4400E4F3F7 /* Build configuration list for PBXProject "Singleton(MRC)" */;
			compatibilityVersion = "Xcode 3.2";
			developmentRegion = English;
			hasScannedForEncodings = 0;
			knownRegions = (
				en,
				Base,
			);
			mainGroup = A858E2491C479E4400E4F3F7;
			productRefGroup = A858E2531C479E4400E4F3F7 /* Products */;
			projectDirPath = "";
			projectRoot = "";
			targets = (
				A858E2511C479E4400E4F3F7 /* Singleton(MRC) */,
			);
		};
/* End PBXProject section */

/* Begin PBXResourcesBuildPhase section */
		A858E2501C479E4400E4F3F7 /* Resources */ = {
			isa = PBXResourcesBuildPhase;
			buildActionMask = 2147483647;
			files = (
				A858E2651C479E4400E4F3F7 /* LaunchScreen.storyboard in Resources */,
				A858E2621C479E4400E4F3F7 /* Assets.xcassets in Resources */,
				A858E2601C479E4400E4F3F7 /* Main.storyboard in Resources */,
			);
			runOnlyForDeploymentPostprocessing = 0;
		};
/* End PBXResourcesBuildPhase section */

/* Begin PBXSourcesBuildPhase section */
		A858E24E1C479E4400E4F3F7 /* Sources */ = {
			isa = PBXSourcesBuildPhase;
			buildActionMask = 2147483647;
			files = (
				A858E25D1C479E4400E4F3F7 /* ViewController.m in Sources */,
				A858E25A1C479E4400E4F3F7 /* AppDelegate.m in Sources */,
				A858E2571C479E4400E4F3F7 /* main.m in Sources */,
				A858E26F1C479E8600E4F3F7 /* LLDataTool.m in Sources */,
			);
			runOnlyForDeploymentPostprocessing = 0;
		};
/* End PBXSourcesBuildPhase section */

/* Begin PBXVariantGroup section */
		A858E25E1C479E4400E4F3F7 /* Main.storyboard */ = {
			isa = PBXVariantGroup;
			children = (
				A858E25F1C479E4400E4F3F7 /* Base */,
			);
			name = Main.storyboard;
			sourceTree = "<group>";
		};
		A858E2631C479E4400E4F3F7 /* LaunchScreen.storyboard */ = {
			isa = PBXVariantGroup;
			children = (
				A858E2641C479E4400E4F3F7 /* Base */,
			);
			name = LaunchScreen.storyboard;
			sourceTree = "<group>";
		};
/* End PBXVariantGroup section */

/* Begin XCBuildConfiguration section */
		A858E2671C479E4400E4F3F7 /* Debug */ = {
			isa = XCBuildConfiguration;
			buildSettings = {
				ALWAYS_SEARCH_USER_PATHS = NO;
				CLANG_CXX_LANGUAGE_STANDARD = "gnu++0x";
				CLANG_CXX_LIBRARY = "libc++";
				CLANG_ENABLE_MODULES = YES;
				CLANG_ENABLE_OBJC_ARC = YES;
				CLANG_WARN_BOOL_CONVERSION = YES;
				CLANG_WARN_CONSTANT_CONVERSION = YES;
				CLANG_WARN_DIRECT_OBJC_ISA_USAGE = YES_ERROR;
				CLANG_WARN_EMPTY_BODY = YES;
				CLANG_WARN_ENUM_CONVERSION = YES;
				CLANG_WARN_INT_CONVERSION = YES;
				CLANG_WARN_OBJC_ROOT_CLASS = YES_ERROR;
				CLANG_WARN_UNREACHABLE_CODE = YES;
				CLANG_WARN__DUPLICATE_METHOD_MATCH = YES;
				"CODE_SIGN_IDENTITY[sdk=iphoneos*]" = "iPhone Developer";
				COPY_PHASE_STRIP = NO;
				DEBUG_INFORMATION_FORMAT = dwarf;
				ENABLE_STRICT_OBJC_MSGSEND = YES;
				ENABLE_TESTABILITY = YES;
				GCC_C_LANGUAGE_STANDARD = gnu99;
				GCC_DYNAMIC_NO_PIC = NO;
				GCC_NO_COMMON_BLOCKS = YES;
				GCC_OPTIMIZATION_LEVEL = 0;
				GCC_PREPROCESSOR_DEFINITIONS = (
					"DEBUG=1",
					"$(inherited)",
				);
				GCC_WARN_64_TO_32_BIT_CONVERSION = YES;
				GCC_WARN_ABOUT_RETURN_TYPE = YES_ERROR;
				GCC_WARN_UNDECLARED_SELECTOR = YES;
				GCC_WARN_UNINITIALIZED_AUTOS = YES_AGGRESSIVE;
				GCC_WARN_UNUSED_FUNCTION = YES;
				GCC_WARN_UNUSED_VARIABLE = YES;
				IPHONEOS_DEPLOYMENT_TARGET = 9.2;
				MTL_ENABLE_DEBUG_INFO = YES;
				ONLY_ACTIVE_ARCH = YES;
				SDKROOT = iphoneos;
				TARGETED_DEVICE_FAMILY = "1,2";
			};
			name = Debug;
		};
		A858E2681C479E4400E4F3F7 /* Release */ = {
			isa = XCBuildConfiguration;
			buildSettings = {
				ALWAYS_SEARCH_USER_PATHS = NO;
				CLANG_CXX_LANGUAGE_STANDARD = "gnu++0x";
				CLANG_CXX_LIBRARY = "libc++";
				CLANG_ENABLE_MODULES = YES;
				CLANG_ENABLE_OBJC_ARC = YES;
				CLANG_WARN_BOOL_CONVERSION = YES;
				CLANG_WARN_CONSTANT_CONVERSION = YES;
				CLANG_WARN_DIRECT_OBJC_ISA_USAGE = YES_ERROR;
				CLANG_WARN_EMPTY_BODY = YES;
				CLANG_WARN_ENUM_CONVERSION = YES;
				CLANG_WARN_INT_CONVERSION = YES;
				CLANG_WARN_OBJC_ROOT_CLASS = YES_ERROR;
				CLANG_WARN_UNREACHABLE_CODE = YES;
				CLANG_WARN__DUPLICATE_METHOD_MATCH = YES;
				"CODE_SIGN_IDENTITY[sdk=iphoneos*]" = "iPhone Developer";
				COPY_PHASE_STRIP = NO;
				DEBUG_INFORMATION_FORMAT = "dwarf-with-dsym";
				ENABLE_NS_ASSERTIONS = NO;
				ENABLE_STRICT_OBJC_MSGSEND = YES;
				GCC_C_LANGUAGE_STANDARD = gnu99;
				GCC_NO_COMMON_BLOCKS = YES;
				GCC_WARN_64_TO_32_BIT_CONVERSION = YES;
				GCC_WARN_ABOUT_RETURN_TYPE = YES_ERROR;
				GCC_WARN_UNDECLARED_SELECTOR = YES;
				GCC_WARN_UNINITIALIZED_AUTOS = YES_AGGRESSIVE;
				GCC_WARN_UNUSED_FUNCTION = YES;
				GCC_WARN_UNUSED_VARIABLE = YES;
				IPHONEOS_DEPLOYMENT_TARGET = 9.2;
				MTL_ENABLE_DEBUG_INFO = NO;
				SDKROOT = iphoneos;
				TARGETED_DEVICE_FAMILY = "1,2";
				VALIDATE_PRODUCT = YES;
			};
			name = Release;
		};
		A858E26A1C479E4400E4F3F7 /* Debug */ = {
			isa = XCBuildConfiguration;
			buildSettings = {
				ASSETCATALOG_COMPILER_APPICON_NAME = AppIcon;
				CLANG_ENABLE_OBJC_ARC = NO;
				INFOPLIST_FILE = "Singleton(MRC)/Info.plist";
				LD_RUNPATH_SEARCH_PATHS = "$(inherited) @executable_path/Frameworks";
				PRODUCT_BUNDLE_IDENTIFIER = "LL.Singleton-MRC-";
				PRODUCT_NAME = "$(TARGET_NAME)";
			};
			name = Debug;
		};
		A858E26B1C479E4400E4F3F7 /* Release */ = {
			isa = XCBuildConfiguration;
			buildSettings = {
				ASSETCATALOG_COMPILER_APPICON_NAME = AppIcon;
				CLANG_ENABLE_OBJC_ARC = NO;
				INFOPLIST_FILE = "Singleton(MRC)/Info.plist";
				LD_RUNPATH_SEARCH_PATHS = "$(inherited) @executable_path/Frameworks";
				PRODUCT_BUNDLE_IDENTIFIER = "LL.Singleton-MRC-";
				PRODUCT_NAME = "$(TARGET_NAME)";
			};
			name = Release;
		};
/* End XCBuildConfiguration section */

/* Begin XCConfigurationList section */
		A858E24D1C479E4400E4F3F7 /* Build configuration list for PBXProject "Singleton(MRC)" */ = {
			isa = XCConfigurationList;
			buildConfigurations = (
				A858E2671C479E4400E4F3F7 /* Debug */,
				A858E2681C479E4400E4F3F7 /* Release */,
			);
			defaultConfigurationIsVisible = 0;
			defaultConfigurationName = Release;
		};
		A858E2691C479E4400E4F3F7 /* Build configuration list for PBXNativeTarget "Singleton(MRC)" */ = {
			isa = XCConfigurationList;
			buildConfigurations = (
				A858E26A1C479E4400E4F3F7 /* Debug */,
				A858E26B1C479E4400E4F3F7 /* Release */,
			);
			defaultConfigurationIsVisible = 0;
			defaultConfigurationName = Release;
		};
/* End XCConfigurationList section */
	};
	rootObject = A858E24A1C479E4400E4F3F7 /* Project object */;
}
